
Microsoft Visual Studio Solution File, Format Version 12.00
# Visual Studio Version 16
VisualStudioVersion = 16.0.31424.327
MinimumVisualStudioVersion = 10.0.40219.1
Project("{2150E333-8FDC-42A3-9474-1A3956D46DE8}") = "Services", "Services", "{4939B233-E727-402A-9558-AEFB43F5D790}"
EndProject
Project("{2150E333-8FDC-42A3-9474-1A3956D46DE8}") = "Catalog", "Catalog", "{66DC7973-85F3-49F8-9263-3C4948B98788}"
EndProject
Project("{FAE04EC0-301F-11D3-BF4B-00C04F79EFBC}") = "Catalog.API", "Service\Catalog\Catalog.API\Catalog.API.csproj", "{F2695DE4-47AF-4F49-99F5-B6FD08EEC50A}"
EndProject
Global
	GlobalSection(SolutionConfigurationPlatforms) = preSolution
		Debug|Any CPU = Debug|Any CPU
		Release|Any CPU = Release|Any CPU
	EndGlobalSection
	GlobalSection(ProjectConfigurationPlatforms) = postSolution
		{F2695DE4-47AF-4F49-99F5-B6FD08EEC50A}.Debug|Any CPU.ActiveCfg = Debug|Any CPU
		{F2695DE4-47AF-4F49-99F5-B6FD08EEC50A}.Debug|Any CPU.Build.0 = Debug|Any CPU
		{F2695DE4-47AF-4F49-99F5-B6FD08EEC50A}.Release|Any CPU.ActiveCfg = Release|Any CPU
		{F2695DE4-47AF-4F49-99F5-B6FD08EEC50A}.Release|Any CPU.Build.0 = Release|Any CPU
	EndGlobalSection
	GlobalSection(SolutionProperties) = preSolution
		HideSolutionNode = FALSE
	EndGlobalSection
	GlobalSection(NestedProjects) = preSolution
		{66DC7973-85F3-49F8-9263-3C4948B98788} = {4939B233-E727-402A-9558-AEFB43F5D790}
		{F2695DE4-47AF-4F49-99F5-B6FD08EEC50A} = {66DC7973-85F3-49F8-9263-3C4948B98788}
	EndGlobalSection
	GlobalSection(ExtensibilityGlobals) = postSolution
		SolutionGuid = {B735A9CC-DDA0-4B4D-BAFE-82BCFB183A30}
	EndGlobalSection
EndGlobal
